
Microsoft Visual Studio Solution File, Format Version 12.00
# Visual Studio Version 17
VisualStudioVersion = 17.10.34916.146
MinimumVisualStudioVersion = 10.0.40219.1
Project("{FAE04EC0-301F-11D3-BF4B-00C04F79EFBC}") = "AspNetCoreWebApiJwt", "AspNetCoreWebApiJwt.csproj", "{7966A653-238D-4244-AFD4-5E1634003E50}"
EndProject
Global
	GlobalSection(SolutionConfigurationPlatforms) = preSolution
		Debug|Any CPU = Debug|Any CPU
		Release|Any CPU = Release|Any CPU
	EndGlobalSection
	GlobalSection(ProjectConfigurationPlatforms) = postSolution
		{7966A653-238D-4244-AFD4-5E1634003E50}.Debug|Any CPU.ActiveCfg = Debug|Any CPU
		{7966A653-238D-4244-AFD4-5E1634003E50}.Debug|Any CPU.Build.0 = Debug|Any CPU
		{7966A653-238D-4244-AFD4-5E1634003E50}.Release|Any CPU.ActiveCfg = Release|Any CPU
		{7966A653-238D-4244-AFD4-5E1634003E50}.Release|Any CPU.Build.0 = Release|Any CPU
	EndGlobalSection
	GlobalSection(SolutionProperties) = preSolution
		HideSolutionNode = FALSE
	EndGlobalSection
	GlobalSection(ExtensibilityGlobals) = postSolution
		SolutionGuid = {46AE91D7-F0FF-4405-971E-967450488C19}
	EndGlobalSection
EndGlobal
